
Microsoft Visual Studio Solution File, Format Version 12.00
Project("{FAE04EC0-301F-11D3-BF4B-00C04F79EFBC}") = "Pathfinding", "Pathfinding\Pathfinding.csproj", "{EC417000-B71D-4960-A55A-F245B455E0F9}"
EndProject
Project("{FAE04EC0-301F-11D3-BF4B-00C04F79EFBC}") = "Pathfinding.Benchmarks", "Pathfinding.Benchmarks\Pathfinding.Benchmarks.csproj", "{C869D4BD-5BCB-4DB9-A5A0-AB50CD3D781E}"
EndProject
Project("{FAE04EC0-301F-11D3-BF4B-00C04F79EFBC}") = "Pathfinding.Tests", "Pathfinding.Tests\Pathfinding.Tests.csproj", "{8CD4A894-7B69-44B4-BB78-2817ACBC5C3E}"
EndProject
Global
	GlobalSection(SolutionConfigurationPlatforms) = preSolution
		Debug|Any CPU = Debug|Any CPU
		Release|Any CPU = Release|Any CPU
	EndGlobalSection
	GlobalSection(ProjectConfigurationPlatforms) = postSolution
		{EC417000-B71D-4960-A55A-F245B455E0F9}.Debug|Any CPU.ActiveCfg = Debug|Any CPU
		{EC417000-B71D-4960-A55A-F245B455E0F9}.Debug|Any CPU.Build.0 = Debug|Any CPU
		{EC417000-B71D-4960-A55A-F245B455E0F9}.Release|Any CPU.ActiveCfg = Release|Any CPU
		{EC417000-B71D-4960-A55A-F245B455E0F9}.Release|Any CPU.Build.0 = Release|Any CPU
		{C869D4BD-5BCB-4DB9-A5A0-AB50CD3D781E}.Debug|Any CPU.ActiveCfg = Debug|Any CPU
		{C869D4BD-5BCB-4DB9-A5A0-AB50CD3D781E}.Debug|Any CPU.Build.0 = Debug|Any CPU
		{C869D4BD-5BCB-4DB9-A5A0-AB50CD3D781E}.Release|Any CPU.ActiveCfg = Release|Any CPU
		{C869D4BD-5BCB-4DB9-A5A0-AB50CD3D781E}.Release|Any CPU.Build.0 = Release|Any CPU
		{8CD4A894-7B69-44B4-BB78-2817ACBC5C3E}.Debug|Any CPU.ActiveCfg = Debug|Any CPU
		{8CD4A894-7B69-44B4-BB78-2817ACBC5C3E}.Debug|Any CPU.Build.0 = Debug|Any CPU
		{8CD4A894-7B69-44B4-BB78-2817ACBC5C3E}.Release|Any CPU.ActiveCfg = Release|Any CPU
		{8CD4A894-7B69-44B4-BB78-2817ACBC5C3E}.Release|Any CPU.Build.0 = Release|Any CPU
	EndGlobalSection
EndGlobal
